{
  "version": 4,
  "terraform_version": "1.11.4",
  "serial": 3,
  "lineage": "521bbcb7-3bb8-392c-c1e0-3078033d94db",
  "outputs": {},
  "resources": [
    {
      "mode": "managed",
      "type": "docker_image",
      "name": "nginx",
      "provider": "provider[\"registry.terraform.io/kreuzwerker/docker\"]",
      "instances": [
        {
          "schema_version": 0,
          "attributes": {
            "build": [],
            "id": "sha256:09369da6b10306312cd908661320086bf87fbae1b6b0c49a1f50ba531fef2eabnginx:latest",
            "keep_locally": false,
            "latest": "sha256:09369da6b10306312cd908661320086bf87fbae1b6b0c49a1f50ba531fef2eab",
            "name": "nginx:latest",
            "output": null,
            "pull_trigger": null,
            "pull_triggers": null
          },
          "sensitive_attributes": [],
          "private": "bnVsbA=="
        }
      ]
    }
  ],
  "check_results": null
}
